
Microsoft Visual Studio Solution File, Format Version 12.00
# Visual Studio Version 16
VisualStudioVersion = 16.0.30523.141
MinimumVisualStudioVersion = 10.0.40219.1
Project("{9A19103F-16F7-4668-BE54-9A1E7A4F7556}") = "Armory.Core", "Armory.Core\Armory.Core.csproj", "{CD77F1AD-C474-49A1-8702-9F8178BF58DC}"
EndProject
Project("{9A19103F-16F7-4668-BE54-9A1E7A4F7556}") = "Armory.TemplateProcessor", "Armory.TemplateProcessor\Armory.TemplateProcessor.csproj", "{32F26724-E6E3-4BB0-9DC1-2BD13052CC02}"
EndProject
Project("{9A19103F-16F7-4668-BE54-9A1E7A4F7556}") = "Armory.Cli", "Armory.Cli\Armory.Cli.csproj", "{EE24178E-E708-4FE4-AFFB-2753E541A410}"
EndProject
Project("{9A19103F-16F7-4668-BE54-9A1E7A4F7556}") = "Armory.Utilities", "Armory.Utilities\Armory.Utilities.csproj", "{5C210CCB-965E-472B-943D-61455CDB2CD8}"
EndProject
Project("{9A19103F-16F7-4668-BE54-9A1E7A4F7556}") = "Armory.Utilities.UnitTests", "Armory.Utilities.UnitTests\Armory.Utilities.UnitTests.csproj", "{D1B6881E-C914-441B-834E-B5C4FB4446D8}"
EndProject
Project("{2150E333-8FDC-42A3-9474-1A3956D46DE8}") = "Utilities", "Utilities", "{44123AF8-5D5B-4C69-B1CB-BB8C7868E010}"
EndProject
Project("{9A19103F-16F7-4668-BE54-9A1E7A4F7556}") = "Armory.Types", "Armory.Types\Armory.Types.csproj", "{2F314143-F763-4340-BD98-E693401CEF39}"
EndProject
Project("{9A19103F-16F7-4668-BE54-9A1E7A4F7556}") = "Armory.JsonRuleEngine", "Armory.JsonRuleEngine\Armory.JsonRuleEngine.csproj", "{7443045B-40C9-406D-9CBC-6A68697AAF85}"
EndProject
Project("{9A19103F-16F7-4668-BE54-9A1E7A4F7556}") = "Armory.JsonRuleEngine.UnitTests", "Armory.JsonRuleEngine.UnitTests\Armory.JsonRuleEngine.UnitTests.csproj", "{5A8177F6-41EB-4A8D-96A0-3E4B897DF832}"
EndProject
Project("{9A19103F-16F7-4668-BE54-9A1E7A4F7556}") = "Armory.JsonRuleEngine.FunctionalTests", "Armory.JsonRuleEngine.FunctionalTests\Armory.JsonRuleEngine.FunctionalTests.csproj", "{21F7F957-72E5-4B4D-9141-AB3222218AED}"
EndProject
Project("{2150E333-8FDC-42A3-9474-1A3956D46DE8}") = "JsonRuleEngine", "JsonRuleEngine", "{34C003AF-0AE6-45A7-B57D-FB1A3C8913A6}"
EndProject
Project("{2150E333-8FDC-42A3-9474-1A3956D46DE8}") = "TemplateProcessor", "TemplateProcessor", "{82FB2CA0-DFFB-4B1B-B1E1-F6ABBC5AAE02}"
EndProject
Project("{9A19103F-16F7-4668-BE54-9A1E7A4F7556}") = "Armory.TemplateProcessor.UnitTests", "Armory.TemplateProcessor.UnitTests\Armory.TemplateProcessor.UnitTests.csproj", "{E9A5F2DD-C0B4-400A-BCBB-A8EB0A6A4AF4}"
EndProject
Global
	GlobalSection(SolutionConfigurationPlatforms) = preSolution
		Debug|Any CPU = Debug|Any CPU
		Release|Any CPU = Release|Any CPU
	EndGlobalSection
	GlobalSection(ProjectConfigurationPlatforms) = postSolution
		{CD77F1AD-C474-49A1-8702-9F8178BF58DC}.Debug|Any CPU.ActiveCfg = Debug|Any CPU
		{CD77F1AD-C474-49A1-8702-9F8178BF58DC}.Debug|Any CPU.Build.0 = Debug|Any CPU
		{CD77F1AD-C474-49A1-8702-9F8178BF58DC}.Release|Any CPU.ActiveCfg = Release|Any CPU
		{CD77F1AD-C474-49A1-8702-9F8178BF58DC}.Release|Any CPU.Build.0 = Release|Any CPU
		{32F26724-E6E3-4BB0-9DC1-2BD13052CC02}.Debug|Any CPU.ActiveCfg = Debug|Any CPU
		{32F26724-E6E3-4BB0-9DC1-2BD13052CC02}.Debug|Any CPU.Build.0 = Debug|Any CPU
		{32F26724-E6E3-4BB0-9DC1-2BD13052CC02}.Release|Any CPU.ActiveCfg = Release|Any CPU
		{32F26724-E6E3-4BB0-9DC1-2BD13052CC02}.Release|Any CPU.Build.0 = Release|Any CPU
		{EE24178E-E708-4FE4-AFFB-2753E541A410}.Debug|Any CPU.ActiveCfg = Debug|Any CPU
		{EE24178E-E708-4FE4-AFFB-2753E541A410}.Debug|Any CPU.Build.0 = Debug|Any CPU
		{EE24178E-E708-4FE4-AFFB-2753E541A410}.Release|Any CPU.ActiveCfg = Release|Any CPU
		{EE24178E-E708-4FE4-AFFB-2753E541A410}.Release|Any CPU.Build.0 = Release|Any CPU
		{5C210CCB-965E-472B-943D-61455CDB2CD8}.Debug|Any CPU.ActiveCfg = Debug|Any CPU
		{5C210CCB-965E-472B-943D-61455CDB2CD8}.Debug|Any CPU.Build.0 = Debug|Any CPU
		{5C210CCB-965E-472B-943D-61455CDB2CD8}.Release|Any CPU.ActiveCfg = Release|Any CPU
		{5C210CCB-965E-472B-943D-61455CDB2CD8}.Release|Any CPU.Build.0 = Release|Any CPU
		{D1B6881E-C914-441B-834E-B5C4FB4446D8}.Debug|Any CPU.ActiveCfg = Debug|Any CPU
		{D1B6881E-C914-441B-834E-B5C4FB4446D8}.Debug|Any CPU.Build.0 = Debug|Any CPU
		{D1B6881E-C914-441B-834E-B5C4FB4446D8}.Release|Any CPU.ActiveCfg = Release|Any CPU
		{D1B6881E-C914-441B-834E-B5C4FB4446D8}.Release|Any CPU.Build.0 = Release|Any CPU
		{2F314143-F763-4340-BD98-E693401CEF39}.Debug|Any CPU.ActiveCfg = Debug|Any CPU
		{2F314143-F763-4340-BD98-E693401CEF39}.Debug|Any CPU.Build.0 = Debug|Any CPU
		{2F314143-F763-4340-BD98-E693401CEF39}.Release|Any CPU.ActiveCfg = Release|Any CPU
		{2F314143-F763-4340-BD98-E693401CEF39}.Release|Any CPU.Build.0 = Release|Any CPU
		{7443045B-40C9-406D-9CBC-6A68697AAF85}.Debug|Any CPU.ActiveCfg = Debug|Any CPU
		{7443045B-40C9-406D-9CBC-6A68697AAF85}.Debug|Any CPU.Build.0 = Debug|Any CPU
		{7443045B-40C9-406D-9CBC-6A68697AAF85}.Release|Any CPU.ActiveCfg = Release|Any CPU
		{7443045B-40C9-406D-9CBC-6A68697AAF85}.Release|Any CPU.Build.0 = Release|Any CPU
		{5A8177F6-41EB-4A8D-96A0-3E4B897DF832}.Debug|Any CPU.ActiveCfg = Debug|Any CPU
		{5A8177F6-41EB-4A8D-96A0-3E4B897DF832}.Debug|Any CPU.Build.0 = Debug|Any CPU
		{5A8177F6-41EB-4A8D-96A0-3E4B897DF832}.Release|Any CPU.ActiveCfg = Release|Any CPU
		{5A8177F6-41EB-4A8D-96A0-3E4B897DF832}.Release|Any CPU.Build.0 = Release|Any CPU
		{21F7F957-72E5-4B4D-9141-AB3222218AED}.Debug|Any CPU.ActiveCfg = Debug|Any CPU
		{21F7F957-72E5-4B4D-9141-AB3222218AED}.Debug|Any CPU.Build.0 = Debug|Any CPU
		{21F7F957-72E5-4B4D-9141-AB3222218AED}.Release|Any CPU.ActiveCfg = Release|Any CPU
		{21F7F957-72E5-4B4D-9141-AB3222218AED}.Release|Any CPU.Build.0 = Release|Any CPU
		{E9A5F2DD-C0B4-400A-BCBB-A8EB0A6A4AF4}.Debug|Any CPU.ActiveCfg = Debug|Any CPU
		{E9A5F2DD-C0B4-400A-BCBB-A8EB0A6A4AF4}.Debug|Any CPU.Build.0 = Debug|Any CPU
		{E9A5F2DD-C0B4-400A-BCBB-A8EB0A6A4AF4}.Release|Any CPU.ActiveCfg = Release|Any CPU
		{E9A5F2DD-C0B4-400A-BCBB-A8EB0A6A4AF4}.Release|Any CPU.Build.0 = Release|Any CPU
	EndGlobalSection
	GlobalSection(SolutionProperties) = preSolution
		HideSolutionNode = FALSE
	EndGlobalSection
	GlobalSection(NestedProjects) = preSolution
		{32F26724-E6E3-4BB0-9DC1-2BD13052CC02} = {82FB2CA0-DFFB-4B1B-B1E1-F6ABBC5AAE02}
		{5C210CCB-965E-472B-943D-61455CDB2CD8} = {44123AF8-5D5B-4C69-B1CB-BB8C7868E010}
		{D1B6881E-C914-441B-834E-B5C4FB4446D8} = {44123AF8-5D5B-4C69-B1CB-BB8C7868E010}
		{7443045B-40C9-406D-9CBC-6A68697AAF85} = {34C003AF-0AE6-45A7-B57D-FB1A3C8913A6}
		{5A8177F6-41EB-4A8D-96A0-3E4B897DF832} = {34C003AF-0AE6-45A7-B57D-FB1A3C8913A6}
		{21F7F957-72E5-4B4D-9141-AB3222218AED} = {34C003AF-0AE6-45A7-B57D-FB1A3C8913A6}
		{E9A5F2DD-C0B4-400A-BCBB-A8EB0A6A4AF4} = {82FB2CA0-DFFB-4B1B-B1E1-F6ABBC5AAE02}
	EndGlobalSection
	GlobalSection(ExtensibilityGlobals) = postSolution
		SolutionGuid = {C716DF78-13EF-44A1-8E2E-CFF3746128CE}
	EndGlobalSection
EndGlobal
