
Microsoft Visual Studio Solution File, Format Version 12.00
# Visual Studio Version 16
VisualStudioVersion = 16.0.30523.141
MinimumVisualStudioVersion = 10.0.40219.1
Project("{9A19103F-16F7-4668-BE54-9A1E7A4F7556}") = "Armory.Core", "Armory.Core\Armory.Core.csproj", "{CD77F1AD-C474-49A1-8702-9F8178BF58DC}"
EndProject
Project("{FAE04EC0-301F-11D3-BF4B-00C04F79EFBC}") = "Armory.TemplateProcessor", "Armory.TemplateProcessor\Armory.TemplateProcessor.csproj", "{32F26724-E6E3-4BB0-9DC1-2BD13052CC02}"
EndProject
Project("{FAE04EC0-301F-11D3-BF4B-00C04F79EFBC}") = "Armory.Cli", "Armory.Cli\Armory.Cli.csproj", "{EE24178E-E708-4FE4-AFFB-2753E541A410}"
EndProject
Global
	GlobalSection(SolutionConfigurationPlatforms) = preSolution
		Debug|Any CPU = Debug|Any CPU
		Release|Any CPU = Release|Any CPU
	EndGlobalSection
	GlobalSection(ProjectConfigurationPlatforms) = postSolution
		{CD77F1AD-C474-49A1-8702-9F8178BF58DC}.Debug|Any CPU.ActiveCfg = Debug|Any CPU
		{CD77F1AD-C474-49A1-8702-9F8178BF58DC}.Debug|Any CPU.Build.0 = Debug|Any CPU
		{CD77F1AD-C474-49A1-8702-9F8178BF58DC}.Release|Any CPU.ActiveCfg = Release|Any CPU
		{CD77F1AD-C474-49A1-8702-9F8178BF58DC}.Release|Any CPU.Build.0 = Release|Any CPU
		{32F26724-E6E3-4BB0-9DC1-2BD13052CC02}.Debug|Any CPU.ActiveCfg = Debug|Any CPU
		{32F26724-E6E3-4BB0-9DC1-2BD13052CC02}.Debug|Any CPU.Build.0 = Debug|Any CPU
		{32F26724-E6E3-4BB0-9DC1-2BD13052CC02}.Release|Any CPU.ActiveCfg = Release|Any CPU
		{32F26724-E6E3-4BB0-9DC1-2BD13052CC02}.Release|Any CPU.Build.0 = Release|Any CPU
		{EE24178E-E708-4FE4-AFFB-2753E541A410}.Debug|Any CPU.ActiveCfg = Debug|Any CPU
		{EE24178E-E708-4FE4-AFFB-2753E541A410}.Debug|Any CPU.Build.0 = Debug|Any CPU
		{EE24178E-E708-4FE4-AFFB-2753E541A410}.Release|Any CPU.ActiveCfg = Release|Any CPU
		{EE24178E-E708-4FE4-AFFB-2753E541A410}.Release|Any CPU.Build.0 = Release|Any CPU
	EndGlobalSection
	GlobalSection(SolutionProperties) = preSolution
		HideSolutionNode = FALSE
	EndGlobalSection
	GlobalSection(ExtensibilityGlobals) = postSolution
		SolutionGuid = {C716DF78-13EF-44A1-8E2E-CFF3746128CE}
	EndGlobalSection
EndGlobal
