
Microsoft Visual Studio Solution File, Format Version 12.00
# Visual Studio Version 16
VisualStudioVersion = 16.0.30523.141
MinimumVisualStudioVersion = 10.0.40219.1
Project("{2150E333-8FDC-42A3-9474-1A3956D46DE8}") = "Utilities", "Utilities", "{44123AF8-5D5B-4C69-B1CB-BB8C7868E010}"
EndProject
Project("{2150E333-8FDC-42A3-9474-1A3956D46DE8}") = "JsonRuleEngine", "JsonRuleEngine", "{34C003AF-0AE6-45A7-B57D-FB1A3C8913A6}"
EndProject
Project("{2150E333-8FDC-42A3-9474-1A3956D46DE8}") = "TemplateProcessor", "TemplateProcessor", "{82FB2CA0-DFFB-4B1B-B1E1-F6ABBC5AAE02}"
EndProject
Project("{2150E333-8FDC-42A3-9474-1A3956D46DE8}") = "Core", "Core", "{D1F6F2B9-6B3A-4023-B6C3-A8F15539737D}"
EndProject
Project("{2150E333-8FDC-42A3-9474-1A3956D46DE8}") = "Reports", "Reports", "{9BE28F9E-17E2-42E9-9A0A-9AFF60F6176B}"
EndProject
Project("{9A19103F-16F7-4668-BE54-9A1E7A4F7556}") = "Analyzer.Core", "Analyzer.Core\Analyzer.Core.csproj", "{DDE76F8B-C579-4D16-A29A-4C5AC7B33AF1}"
EndProject
Project("{9A19103F-16F7-4668-BE54-9A1E7A4F7556}") = "Analyzer.Core.UnitTests", "Analyzer.Core.UnitTests\Analyzer.Core.UnitTests.csproj", "{C8A44B67-BCBF-44B5-85E6-CD9BF6241AAB}"
EndProject
Project("{9A19103F-16F7-4668-BE54-9A1E7A4F7556}") = "Analyzer.Core.BuiltInRuleTests", "Analyzer.Core.BuiltInRuleTests\Analyzer.Core.BuiltInRuleTests.csproj", "{2CCAFD07-C1C2-46CA-9776-70F902956DC3}"
EndProject
Project("{9A19103F-16F7-4668-BE54-9A1E7A4F7556}") = "Analyzer.JsonRuleEngine", "Analyzer.JsonRuleEngine\Analyzer.JsonRuleEngine.csproj", "{3D5A0DC7-2C6D-456F-A4B2-64D73C137F4D}"
EndProject
Project("{9A19103F-16F7-4668-BE54-9A1E7A4F7556}") = "Analyzer.JsonRuleEngine.FunctionalTests", "Analyzer.JsonRuleEngine.FunctionalTests\Analyzer.JsonRuleEngine.FunctionalTests.csproj", "{D7FB25F7-F26A-4C24-AA07-63169279B2FE}"
EndProject
Project("{9A19103F-16F7-4668-BE54-9A1E7A4F7556}") = "Analyzer.JsonRuleEngine.UnitTests", "Analyzer.JsonRuleEngine.UnitTests\Analyzer.JsonRuleEngine.UnitTests.csproj", "{03D8A9CD-23B1-4E08-A95C-AED99B9810C8}"
EndProject
Project("{9A19103F-16F7-4668-BE54-9A1E7A4F7556}") = "Analyzer.TemplateProcessor", "Analyzer.TemplateProcessor\Analyzer.TemplateProcessor.csproj", "{0E1698A1-99D7-4CB6-9128-C0623D20E629}"
EndProject
Project("{9A19103F-16F7-4668-BE54-9A1E7A4F7556}") = "Analyzer.TemplateProcessor.UnitTests", "Analyzer.TemplateProcessor.UnitTests\Analyzer.TemplateProcessor.UnitTests.csproj", "{65032EC4-CDA1-4482-A9C5-EEAF28C2067A}"
EndProject
Project("{9A19103F-16F7-4668-BE54-9A1E7A4F7556}") = "Analyzer.Utilities", "Analyzer.Utilities\Analyzer.Utilities.csproj", "{355DDEB8-35ED-4F45-AB96-E1CA47873BDE}"
EndProject
Project("{9A19103F-16F7-4668-BE54-9A1E7A4F7556}") = "Analyzer.Utilities.UnitTests", "Analyzer.Utilities.UnitTests\Analyzer.Utilities.UnitTests.csproj", "{8E491ED0-D7DE-4F89-8AC9-B5220E728A97}"
EndProject
Project("{9A19103F-16F7-4668-BE54-9A1E7A4F7556}") = "Analyzer.Types", "Analyzer.Types\Analyzer.Types.csproj", "{B30C1024-BDAC-4368-BB9C-49C51828008C}"
EndProject
Project("{9A19103F-16F7-4668-BE54-9A1E7A4F7556}") = "Analyzer.Cli", "Analyzer.Cli\Analyzer.Cli.csproj", "{28D75A41-485C-483B-B5DD-C907E880ADC6}"
EndProject
Project("{2150E333-8FDC-42A3-9474-1A3956D46DE8}") = "PowerShellRuleEngine", "PowerShellRuleEngine", "{EE9E18BC-5112-4981-8CD9-0CCEF29ADFEA}"
EndProject
Project("{9A19103F-16F7-4668-BE54-9A1E7A4F7556}") = "Analyzer.PowerShellRuleEngine", "Analyzer.PowerShellRuleEngine\Analyzer.PowerShellRuleEngine.csproj", "{520EF22F-A694-4B09-94C7-2CCC47B0653F}"
EndProject
Project("{9A19103F-16F7-4668-BE54-9A1E7A4F7556}") = "Analyzer.PowerShellRuleEngine.UnitTests", "Analyzer.PowerShellRuleEngine.UnitTests\Analyzer.PowerShellRuleEngine.UnitTests.csproj", "{D6664E6D-827C-49BE-AD94-49977605E780}"
EndProject
Project("{9A19103F-16F7-4668-BE54-9A1E7A4F7556}") = "Analyzer.BicepProcessor", "Analyzer.BicepProcessor\Analyzer.BicepProcessor.csproj", "{FC3CC274-6E47-40F7-9948-71C2DE09A0C8}"
EndProject
Project("{2150E333-8FDC-42A3-9474-1A3956D46DE8}") = "BicepTemplateProcessor", "BicepTemplateProcessor", "{C8797EE9-D29F-4D90-845E-4536956FC0B0}"
EndProject
Project("{9A19103F-16F7-4668-BE54-9A1E7A4F7556}") = "Analyzer.Reports", "Analyzer.Reports\Analyzer.Reports.csproj", "{A4314EC1-8A28-40C6-B5BB-9F8906A020FA}"
EndProject
Project("{9A19103F-16F7-4668-BE54-9A1E7A4F7556}") = "Analyzer.Reports.UnitTests", "Analyzer.Reports.UnitTests\Analyzer.Reports.UnitTests.csproj", "{58F5C921-D639-4962-858F-BCD5C85C16D5}"
EndProject
Global
	GlobalSection(SolutionConfigurationPlatforms) = preSolution
		Debug|Any CPU = Debug|Any CPU
		Release|Any CPU = Release|Any CPU
	EndGlobalSection
	GlobalSection(ProjectConfigurationPlatforms) = postSolution
		{DDE76F8B-C579-4D16-A29A-4C5AC7B33AF1}.Debug|Any CPU.ActiveCfg = Debug|Any CPU
		{DDE76F8B-C579-4D16-A29A-4C5AC7B33AF1}.Debug|Any CPU.Build.0 = Debug|Any CPU
		{DDE76F8B-C579-4D16-A29A-4C5AC7B33AF1}.Release|Any CPU.ActiveCfg = Release|Any CPU
		{DDE76F8B-C579-4D16-A29A-4C5AC7B33AF1}.Release|Any CPU.Build.0 = Release|Any CPU
		{C8A44B67-BCBF-44B5-85E6-CD9BF6241AAB}.Debug|Any CPU.ActiveCfg = Debug|Any CPU
		{C8A44B67-BCBF-44B5-85E6-CD9BF6241AAB}.Debug|Any CPU.Build.0 = Debug|Any CPU
		{C8A44B67-BCBF-44B5-85E6-CD9BF6241AAB}.Release|Any CPU.ActiveCfg = Release|Any CPU
		{C8A44B67-BCBF-44B5-85E6-CD9BF6241AAB}.Release|Any CPU.Build.0 = Release|Any CPU
		{2CCAFD07-C1C2-46CA-9776-70F902956DC3}.Debug|Any CPU.ActiveCfg = Debug|Any CPU
		{2CCAFD07-C1C2-46CA-9776-70F902956DC3}.Debug|Any CPU.Build.0 = Debug|Any CPU
		{2CCAFD07-C1C2-46CA-9776-70F902956DC3}.Release|Any CPU.ActiveCfg = Release|Any CPU
		{2CCAFD07-C1C2-46CA-9776-70F902956DC3}.Release|Any CPU.Build.0 = Release|Any CPU
		{3D5A0DC7-2C6D-456F-A4B2-64D73C137F4D}.Debug|Any CPU.ActiveCfg = Debug|Any CPU
		{3D5A0DC7-2C6D-456F-A4B2-64D73C137F4D}.Debug|Any CPU.Build.0 = Debug|Any CPU
		{3D5A0DC7-2C6D-456F-A4B2-64D73C137F4D}.Release|Any CPU.ActiveCfg = Release|Any CPU
		{3D5A0DC7-2C6D-456F-A4B2-64D73C137F4D}.Release|Any CPU.Build.0 = Release|Any CPU
		{D7FB25F7-F26A-4C24-AA07-63169279B2FE}.Debug|Any CPU.ActiveCfg = Debug|Any CPU
		{D7FB25F7-F26A-4C24-AA07-63169279B2FE}.Debug|Any CPU.Build.0 = Debug|Any CPU
		{D7FB25F7-F26A-4C24-AA07-63169279B2FE}.Release|Any CPU.ActiveCfg = Release|Any CPU
		{D7FB25F7-F26A-4C24-AA07-63169279B2FE}.Release|Any CPU.Build.0 = Release|Any CPU
		{03D8A9CD-23B1-4E08-A95C-AED99B9810C8}.Debug|Any CPU.ActiveCfg = Debug|Any CPU
		{03D8A9CD-23B1-4E08-A95C-AED99B9810C8}.Debug|Any CPU.Build.0 = Debug|Any CPU
		{03D8A9CD-23B1-4E08-A95C-AED99B9810C8}.Release|Any CPU.ActiveCfg = Release|Any CPU
		{03D8A9CD-23B1-4E08-A95C-AED99B9810C8}.Release|Any CPU.Build.0 = Release|Any CPU
		{0E1698A1-99D7-4CB6-9128-C0623D20E629}.Debug|Any CPU.ActiveCfg = Debug|Any CPU
		{0E1698A1-99D7-4CB6-9128-C0623D20E629}.Debug|Any CPU.Build.0 = Debug|Any CPU
		{0E1698A1-99D7-4CB6-9128-C0623D20E629}.Release|Any CPU.ActiveCfg = Release|Any CPU
		{0E1698A1-99D7-4CB6-9128-C0623D20E629}.Release|Any CPU.Build.0 = Release|Any CPU
		{65032EC4-CDA1-4482-A9C5-EEAF28C2067A}.Debug|Any CPU.ActiveCfg = Debug|Any CPU
		{65032EC4-CDA1-4482-A9C5-EEAF28C2067A}.Debug|Any CPU.Build.0 = Debug|Any CPU
		{65032EC4-CDA1-4482-A9C5-EEAF28C2067A}.Release|Any CPU.ActiveCfg = Release|Any CPU
		{65032EC4-CDA1-4482-A9C5-EEAF28C2067A}.Release|Any CPU.Build.0 = Release|Any CPU
		{355DDEB8-35ED-4F45-AB96-E1CA47873BDE}.Debug|Any CPU.ActiveCfg = Debug|Any CPU
		{355DDEB8-35ED-4F45-AB96-E1CA47873BDE}.Debug|Any CPU.Build.0 = Debug|Any CPU
		{355DDEB8-35ED-4F45-AB96-E1CA47873BDE}.Release|Any CPU.ActiveCfg = Release|Any CPU
		{355DDEB8-35ED-4F45-AB96-E1CA47873BDE}.Release|Any CPU.Build.0 = Release|Any CPU
		{8E491ED0-D7DE-4F89-8AC9-B5220E728A97}.Debug|Any CPU.ActiveCfg = Debug|Any CPU
		{8E491ED0-D7DE-4F89-8AC9-B5220E728A97}.Debug|Any CPU.Build.0 = Debug|Any CPU
		{8E491ED0-D7DE-4F89-8AC9-B5220E728A97}.Release|Any CPU.ActiveCfg = Release|Any CPU
		{8E491ED0-D7DE-4F89-8AC9-B5220E728A97}.Release|Any CPU.Build.0 = Release|Any CPU
		{B30C1024-BDAC-4368-BB9C-49C51828008C}.Debug|Any CPU.ActiveCfg = Debug|Any CPU
		{B30C1024-BDAC-4368-BB9C-49C51828008C}.Debug|Any CPU.Build.0 = Debug|Any CPU
		{B30C1024-BDAC-4368-BB9C-49C51828008C}.Release|Any CPU.ActiveCfg = Release|Any CPU
		{B30C1024-BDAC-4368-BB9C-49C51828008C}.Release|Any CPU.Build.0 = Release|Any CPU
		{28D75A41-485C-483B-B5DD-C907E880ADC6}.Debug|Any CPU.ActiveCfg = Debug|Any CPU
		{28D75A41-485C-483B-B5DD-C907E880ADC6}.Debug|Any CPU.Build.0 = Debug|Any CPU
		{28D75A41-485C-483B-B5DD-C907E880ADC6}.Release|Any CPU.ActiveCfg = Release|Any CPU
		{28D75A41-485C-483B-B5DD-C907E880ADC6}.Release|Any CPU.Build.0 = Release|Any CPU
		{520EF22F-A694-4B09-94C7-2CCC47B0653F}.Debug|Any CPU.ActiveCfg = Debug|Any CPU
		{520EF22F-A694-4B09-94C7-2CCC47B0653F}.Debug|Any CPU.Build.0 = Debug|Any CPU
		{520EF22F-A694-4B09-94C7-2CCC47B0653F}.Release|Any CPU.ActiveCfg = Release|Any CPU
		{520EF22F-A694-4B09-94C7-2CCC47B0653F}.Release|Any CPU.Build.0 = Release|Any CPU
		{D6664E6D-827C-49BE-AD94-49977605E780}.Debug|Any CPU.ActiveCfg = Debug|Any CPU
		{D6664E6D-827C-49BE-AD94-49977605E780}.Debug|Any CPU.Build.0 = Debug|Any CPU
		{D6664E6D-827C-49BE-AD94-49977605E780}.Release|Any CPU.ActiveCfg = Release|Any CPU
		{D6664E6D-827C-49BE-AD94-49977605E780}.Release|Any CPU.Build.0 = Release|Any CPU
		{FC3CC274-6E47-40F7-9948-71C2DE09A0C8}.Debug|Any CPU.ActiveCfg = Debug|Any CPU
		{FC3CC274-6E47-40F7-9948-71C2DE09A0C8}.Debug|Any CPU.Build.0 = Debug|Any CPU
		{FC3CC274-6E47-40F7-9948-71C2DE09A0C8}.Release|Any CPU.ActiveCfg = Release|Any CPU
		{FC3CC274-6E47-40F7-9948-71C2DE09A0C8}.Release|Any CPU.Build.0 = Release|Any CPU
		{A4314EC1-8A28-40C6-B5BB-9F8906A020FA}.Debug|Any CPU.ActiveCfg = Debug|Any CPU
		{A4314EC1-8A28-40C6-B5BB-9F8906A020FA}.Debug|Any CPU.Build.0 = Debug|Any CPU
		{A4314EC1-8A28-40C6-B5BB-9F8906A020FA}.Release|Any CPU.ActiveCfg = Release|Any CPU
		{A4314EC1-8A28-40C6-B5BB-9F8906A020FA}.Release|Any CPU.Build.0 = Release|Any CPU
		{58F5C921-D639-4962-858F-BCD5C85C16D5}.Debug|Any CPU.ActiveCfg = Debug|Any CPU
		{58F5C921-D639-4962-858F-BCD5C85C16D5}.Debug|Any CPU.Build.0 = Debug|Any CPU
		{58F5C921-D639-4962-858F-BCD5C85C16D5}.Release|Any CPU.ActiveCfg = Release|Any CPU
		{58F5C921-D639-4962-858F-BCD5C85C16D5}.Release|Any CPU.Build.0 = Release|Any CPU
	EndGlobalSection
	GlobalSection(SolutionProperties) = preSolution
		HideSolutionNode = FALSE
	EndGlobalSection
	GlobalSection(NestedProjects) = preSolution
		{DDE76F8B-C579-4D16-A29A-4C5AC7B33AF1} = {D1F6F2B9-6B3A-4023-B6C3-A8F15539737D}
		{C8A44B67-BCBF-44B5-85E6-CD9BF6241AAB} = {D1F6F2B9-6B3A-4023-B6C3-A8F15539737D}
		{2CCAFD07-C1C2-46CA-9776-70F902956DC3} = {D1F6F2B9-6B3A-4023-B6C3-A8F15539737D}
		{3D5A0DC7-2C6D-456F-A4B2-64D73C137F4D} = {34C003AF-0AE6-45A7-B57D-FB1A3C8913A6}
		{D7FB25F7-F26A-4C24-AA07-63169279B2FE} = {34C003AF-0AE6-45A7-B57D-FB1A3C8913A6}
		{03D8A9CD-23B1-4E08-A95C-AED99B9810C8} = {34C003AF-0AE6-45A7-B57D-FB1A3C8913A6}
		{0E1698A1-99D7-4CB6-9128-C0623D20E629} = {82FB2CA0-DFFB-4B1B-B1E1-F6ABBC5AAE02}
		{65032EC4-CDA1-4482-A9C5-EEAF28C2067A} = {82FB2CA0-DFFB-4B1B-B1E1-F6ABBC5AAE02}
		{355DDEB8-35ED-4F45-AB96-E1CA47873BDE} = {44123AF8-5D5B-4C69-B1CB-BB8C7868E010}
		{8E491ED0-D7DE-4F89-8AC9-B5220E728A97} = {44123AF8-5D5B-4C69-B1CB-BB8C7868E010}
		{520EF22F-A694-4B09-94C7-2CCC47B0653F} = {EE9E18BC-5112-4981-8CD9-0CCEF29ADFEA}
		{D6664E6D-827C-49BE-AD94-49977605E780} = {EE9E18BC-5112-4981-8CD9-0CCEF29ADFEA}
		{FC3CC274-6E47-40F7-9948-71C2DE09A0C8} = {C8797EE9-D29F-4D90-845E-4536956FC0B0}
		{A4314EC1-8A28-40C6-B5BB-9F8906A020FA} = {9BE28F9E-17E2-42E9-9A0A-9AFF60F6176B}
		{58F5C921-D639-4962-858F-BCD5C85C16D5} = {9BE28F9E-17E2-42E9-9A0A-9AFF60F6176B}
	EndGlobalSection
	GlobalSection(ExtensibilityGlobals) = postSolution
		SolutionGuid = {C716DF78-13EF-44A1-8E2E-CFF3746128CE}
	EndGlobalSection
EndGlobal
